
Microsoft Visual Studio Solution File, Format Version 12.00
# Visual Studio Version 17
VisualStudioVersion = 17.0.32126.317
MinimumVisualStudioVersion = 10.0.40219.1
Project("{9A19103F-16F7-4668-BE54-9A1E7A4F7556}") = "Bible_Blazer_PWA", "Bible_Blazer_PWA.csproj", "{C813DD62-193E-4713-96D3-2583BEE025C1}"
EndProject
Project("{FAE04EC0-301F-11D3-BF4B-00C04F79EFBC}") = "Services", "..\Services\Services.csproj", "{6355AB47-6967-4496-BAC8-1358846A1832}"
EndProject
Global
	GlobalSection(SolutionConfigurationPlatforms) = preSolution
		Debug|Any CPU = Debug|Any CPU
		Release|Any CPU = Release|Any CPU
	EndGlobalSection
	GlobalSection(ProjectConfigurationPlatforms) = postSolution
		{C813DD62-193E-4713-96D3-2583BEE025C1}.Debug|Any CPU.ActiveCfg = Debug|Any CPU
		{C813DD62-193E-4713-96D3-2583BEE025C1}.Debug|Any CPU.Build.0 = Debug|Any CPU
		{C813DD62-193E-4713-96D3-2583BEE025C1}.Release|Any CPU.ActiveCfg = Release|Any CPU
		{C813DD62-193E-4713-96D3-2583BEE025C1}.Release|Any CPU.Build.0 = Release|Any CPU
		{6355AB47-6967-4496-BAC8-1358846A1832}.Debug|Any CPU.ActiveCfg = Debug|Any CPU
		{6355AB47-6967-4496-BAC8-1358846A1832}.Debug|Any CPU.Build.0 = Debug|Any CPU
		{6355AB47-6967-4496-BAC8-1358846A1832}.Release|Any CPU.ActiveCfg = Release|Any CPU
		{6355AB47-6967-4496-BAC8-1358846A1832}.Release|Any CPU.Build.0 = Release|Any CPU
	EndGlobalSection
	GlobalSection(SolutionProperties) = preSolution
		HideSolutionNode = FALSE
	EndGlobalSection
	GlobalSection(ExtensibilityGlobals) = postSolution
		SolutionGuid = {ED3B21DE-A076-4971-A56B-84B5C87ACA1D}
	EndGlobalSection
EndGlobal
